
Microsoft Visual Studio Solution File, Format Version 12.00
# Visual Studio Version 17
VisualStudioVersion = 17.1.32210.238
MinimumVisualStudioVersion = 10.0.40219.1
Project("{FAE04EC0-301F-11D3-BF4B-00C04F79EFBC}") = "CMSWinFromsApp", "CMSWinFromsApp\CMSWinFromsApp.csproj", "{8C1BE125-1A51-4875-AFEA-43D771BB8ECE}"
EndProject
Global
	GlobalSection(SolutionConfigurationPlatforms) = preSolution
		Debug|Any CPU = Debug|Any CPU
		Release|Any CPU = Release|Any CPU
	EndGlobalSection
	GlobalSection(ProjectConfigurationPlatforms) = postSolution
		{8C1BE125-1A51-4875-AFEA-43D771BB8ECE}.Debug|Any CPU.ActiveCfg = Debug|Any CPU
		{8C1BE125-1A51-4875-AFEA-43D771BB8ECE}.Debug|Any CPU.Build.0 = Debug|Any CPU
		{8C1BE125-1A51-4875-AFEA-43D771BB8ECE}.Release|Any CPU.ActiveCfg = Release|Any CPU
		{8C1BE125-1A51-4875-AFEA-43D771BB8ECE}.Release|Any CPU.Build.0 = Release|Any CPU
	EndGlobalSection
	GlobalSection(SolutionProperties) = preSolution
		HideSolutionNode = FALSE
	EndGlobalSection
	GlobalSection(ExtensibilityGlobals) = postSolution
		SolutionGuid = {BB6AAAB4-BD46-4489-8860-6597E95A8E6B}
	EndGlobalSection
EndGlobal
